
Microsoft Visual Studio Solution File, Format Version 12.00
# Visual Studio Version 17
VisualStudioVersion = 17.8.34330.188
MinimumVisualStudioVersion = 10.0.40219.1
Project("{FAE04EC0-301F-11D3-BF4B-00C04F79EFBC}") = "Delegate", "Delegate\Delegate.csproj", "{76053F1D-674A-4E80-8A43-FA0D6EF12611}"
EndProject
Global
	GlobalSection(SolutionConfigurationPlatforms) = preSolution
		Debug|Any CPU = Debug|Any CPU
		Release|Any CPU = Release|Any CPU
	EndGlobalSection
	GlobalSection(ProjectConfigurationPlatforms) = postSolution
		{76053F1D-674A-4E80-8A43-FA0D6EF12611}.Debug|Any CPU.ActiveCfg = Debug|Any CPU
		{76053F1D-674A-4E80-8A43-FA0D6EF12611}.Debug|Any CPU.Build.0 = Debug|Any CPU
		{76053F1D-674A-4E80-8A43-FA0D6EF12611}.Release|Any CPU.ActiveCfg = Release|Any CPU
		{76053F1D-674A-4E80-8A43-FA0D6EF12611}.Release|Any CPU.Build.0 = Release|Any CPU
	EndGlobalSection
	GlobalSection(SolutionProperties) = preSolution
		HideSolutionNode = FALSE
	EndGlobalSection
	GlobalSection(ExtensibilityGlobals) = postSolution
		SolutionGuid = {A7FB89BF-554A-4E6D-9B58-5611F6F72739}
	EndGlobalSection
EndGlobal
